
Microsoft Visual Studio Solution File, Format Version 12.00
# Visual Studio Version 16
VisualStudioVersion = 16.0.30011.22
MinimumVisualStudioVersion = 10.0.40219.1
Project("{FAE04EC0-301F-11D3-BF4B-00C04F79EFBC}") = "PracticeAssignment", "PracticeAssignment\PracticeAssignment.csproj", "{DDC3CCEC-B610-4B7C-871E-6344A1F8D567}"
EndProject
Global
	GlobalSection(SolutionConfigurationPlatforms) = preSolution
		Debug|Any CPU = Debug|Any CPU
		Release|Any CPU = Release|Any CPU
	EndGlobalSection
	GlobalSection(ProjectConfigurationPlatforms) = postSolution
		{DDC3CCEC-B610-4B7C-871E-6344A1F8D567}.Debug|Any CPU.ActiveCfg = Debug|Any CPU
		{DDC3CCEC-B610-4B7C-871E-6344A1F8D567}.Debug|Any CPU.Build.0 = Debug|Any CPU
		{DDC3CCEC-B610-4B7C-871E-6344A1F8D567}.Release|Any CPU.ActiveCfg = Release|Any CPU
		{DDC3CCEC-B610-4B7C-871E-6344A1F8D567}.Release|Any CPU.Build.0 = Release|Any CPU
	EndGlobalSection
	GlobalSection(SolutionProperties) = preSolution
		HideSolutionNode = FALSE
	EndGlobalSection
	GlobalSection(ExtensibilityGlobals) = postSolution
		SolutionGuid = {B58E7E3E-9D00-4B8D-8826-79DFBBC524FB}
	EndGlobalSection
EndGlobal
